
Microsoft Visual Studio Solution File, Format Version 12.00
# Visual Studio Version 16
VisualStudioVersion = 16.0.30523.141
MinimumVisualStudioVersion = 10.0.40219.1
Project("{2150E333-8FDC-42A3-9474-1A3956D46DE8}") = "Hades.Utils", "Hades.Utils", "{3FC5F039-7A40-4A35-83D5-54222086DA7C}"
EndProject
Project("{FAE04EC0-301F-11D3-BF4B-00C04F79EFBC}") = "Hades.ArchiveTools", "src\Hades.ArchiveTools\Hades.ArchiveTools.csproj", "{3BABAB28-46F6-428A-8BDF-A337338EE41E}"
EndProject
Project("{FAE04EC0-301F-11D3-BF4B-00C04F79EFBC}") = "Hades.MapTool", "src\Hades.MapTool\Hades.MapTool.csproj", "{E204C94C-7855-4CB4-91A1-D74492CE0CA0}"
EndProject
Project("{D954291E-2A0B-460D-934E-DC6B0785DB48}") = "Lorule.Config", "src\Lorule.Config\Lorule.Config.shproj", "{EF0FA46F-9730-474C-84A8-F402138F3E38}"
EndProject
Project("{9A19103F-16F7-4668-BE54-9A1E7A4F7556}") = "Lorule.Server.Base", "src\Lorule.Server.Base\Lorule.Server.Base.csproj", "{F81AB547-D99B-448F-A3FD-3481449E3BAF}"
EndProject
Project("{9A19103F-16F7-4668-BE54-9A1E7A4F7556}") = "Lorule.GameServer", "src\Lorule.GameServer\Lorule.GameServer.csproj", "{AC0F46B5-C30C-4D28-BA04-AEBA1F509DD2}"
EndProject
Project("{9A19103F-16F7-4668-BE54-9A1E7A4F7556}") = "Hades.Utils.TileAMerge", "src\Hades.Utils.TileAMerge\Hades.Utils.TileAMerge.csproj", "{993B04C6-A1EC-4597-AF46-4819C6304624}"
EndProject
Project("{FAE04EC0-301F-11D3-BF4B-00C04F79EFBC}") = "Lorule.Content.Editor", "src\Lorule.Content.Editor\Lorule.Content.Editor.csproj", "{1FF13553-4AB9-447F-AFC5-DB7E363B10BC}"
EndProject
Project("{9A19103F-16F7-4668-BE54-9A1E7A4F7556}") = "Lorule.Client.Base", "src\Lorule.Client.Base\Lorule.Client.Base.csproj", "{9D083DC4-BCA6-4637-A742-DC8B53A3C938}"
EndProject
Project("{FAE04EC0-301F-11D3-BF4B-00C04F79EFBC}") = "Lorule.Client", "src\Lorule.Client\Lorule.Client.csproj", "{1EB2603A-8B13-4ED6-89E8-7C2D80AE3072}"
EndProject
Global
	GlobalSection(SharedMSBuildProjectFiles) = preSolution
		src\Lorule.Config\Lorule.Config.projitems*{1ff13553-4ab9-447f-afc5-db7e363b10bc}*SharedItemsImports = 4
		src\Lorule.Config\Lorule.Config.projitems*{993b04c6-a1ec-4597-af46-4819c6304624}*SharedItemsImports = 5
		src\Lorule.Config\Lorule.Config.projitems*{ac0f46b5-c30c-4d28-ba04-aeba1f509dd2}*SharedItemsImports = 5
		src\Lorule.Config\Lorule.Config.projitems*{e204c94c-7855-4cb4-91a1-d74492ce0ca0}*SharedItemsImports = 4
		src\Lorule.Config\Lorule.Config.projitems*{ef0fa46f-9730-474c-84a8-f402138f3e38}*SharedItemsImports = 13
		src\Lorule.Config\Lorule.Config.projitems*{f81ab547-d99b-448f-a3fd-3481449e3baf}*SharedItemsImports = 5
	EndGlobalSection
	GlobalSection(SolutionConfigurationPlatforms) = preSolution
		Debug|Any CPU = Debug|Any CPU
		Debug|x64 = Debug|x64
		Debug|x86 = Debug|x86
		Release|Any CPU = Release|Any CPU
		Release|x64 = Release|x64
		Release|x86 = Release|x86
	EndGlobalSection
	GlobalSection(ProjectConfigurationPlatforms) = postSolution
		{3BABAB28-46F6-428A-8BDF-A337338EE41E}.Debug|Any CPU.ActiveCfg = Debug|Any CPU
		{3BABAB28-46F6-428A-8BDF-A337338EE41E}.Debug|Any CPU.Build.0 = Debug|Any CPU
		{3BABAB28-46F6-428A-8BDF-A337338EE41E}.Debug|x64.ActiveCfg = Debug|Any CPU
		{3BABAB28-46F6-428A-8BDF-A337338EE41E}.Debug|x64.Build.0 = Debug|Any CPU
		{3BABAB28-46F6-428A-8BDF-A337338EE41E}.Debug|x86.ActiveCfg = Debug|Any CPU
		{3BABAB28-46F6-428A-8BDF-A337338EE41E}.Debug|x86.Build.0 = Debug|Any CPU
		{3BABAB28-46F6-428A-8BDF-A337338EE41E}.Release|Any CPU.ActiveCfg = Release|Any CPU
		{3BABAB28-46F6-428A-8BDF-A337338EE41E}.Release|Any CPU.Build.0 = Release|Any CPU
		{3BABAB28-46F6-428A-8BDF-A337338EE41E}.Release|x64.ActiveCfg = Release|Any CPU
		{3BABAB28-46F6-428A-8BDF-A337338EE41E}.Release|x64.Build.0 = Release|Any CPU
		{3BABAB28-46F6-428A-8BDF-A337338EE41E}.Release|x86.ActiveCfg = Release|Any CPU
		{3BABAB28-46F6-428A-8BDF-A337338EE41E}.Release|x86.Build.0 = Release|Any CPU
		{E204C94C-7855-4CB4-91A1-D74492CE0CA0}.Debug|Any CPU.ActiveCfg = Debug|Any CPU
		{E204C94C-7855-4CB4-91A1-D74492CE0CA0}.Debug|Any CPU.Build.0 = Debug|Any CPU
		{E204C94C-7855-4CB4-91A1-D74492CE0CA0}.Debug|x64.ActiveCfg = Debug|Any CPU
		{E204C94C-7855-4CB4-91A1-D74492CE0CA0}.Debug|x64.Build.0 = Debug|Any CPU
		{E204C94C-7855-4CB4-91A1-D74492CE0CA0}.Debug|x86.ActiveCfg = Debug|Any CPU
		{E204C94C-7855-4CB4-91A1-D74492CE0CA0}.Debug|x86.Build.0 = Debug|Any CPU
		{E204C94C-7855-4CB4-91A1-D74492CE0CA0}.Release|Any CPU.ActiveCfg = Release|Any CPU
		{E204C94C-7855-4CB4-91A1-D74492CE0CA0}.Release|Any CPU.Build.0 = Release|Any CPU
		{E204C94C-7855-4CB4-91A1-D74492CE0CA0}.Release|x64.ActiveCfg = Release|Any CPU
		{E204C94C-7855-4CB4-91A1-D74492CE0CA0}.Release|x64.Build.0 = Release|Any CPU
		{E204C94C-7855-4CB4-91A1-D74492CE0CA0}.Release|x86.ActiveCfg = Release|Any CPU
		{E204C94C-7855-4CB4-91A1-D74492CE0CA0}.Release|x86.Build.0 = Release|Any CPU
		{F81AB547-D99B-448F-A3FD-3481449E3BAF}.Debug|Any CPU.ActiveCfg = Debug|Any CPU
		{F81AB547-D99B-448F-A3FD-3481449E3BAF}.Debug|Any CPU.Build.0 = Debug|Any CPU
		{F81AB547-D99B-448F-A3FD-3481449E3BAF}.Debug|x64.ActiveCfg = Debug|Any CPU
		{F81AB547-D99B-448F-A3FD-3481449E3BAF}.Debug|x64.Build.0 = Debug|Any CPU
		{F81AB547-D99B-448F-A3FD-3481449E3BAF}.Debug|x86.ActiveCfg = Debug|Any CPU
		{F81AB547-D99B-448F-A3FD-3481449E3BAF}.Debug|x86.Build.0 = Debug|Any CPU
		{F81AB547-D99B-448F-A3FD-3481449E3BAF}.Release|Any CPU.ActiveCfg = Release|Any CPU
		{F81AB547-D99B-448F-A3FD-3481449E3BAF}.Release|Any CPU.Build.0 = Release|Any CPU
		{F81AB547-D99B-448F-A3FD-3481449E3BAF}.Release|x64.ActiveCfg = Release|Any CPU
		{F81AB547-D99B-448F-A3FD-3481449E3BAF}.Release|x64.Build.0 = Release|Any CPU
		{F81AB547-D99B-448F-A3FD-3481449E3BAF}.Release|x86.ActiveCfg = Release|Any CPU
		{F81AB547-D99B-448F-A3FD-3481449E3BAF}.Release|x86.Build.0 = Release|Any CPU
		{AC0F46B5-C30C-4D28-BA04-AEBA1F509DD2}.Debug|Any CPU.ActiveCfg = Debug|Any CPU
		{AC0F46B5-C30C-4D28-BA04-AEBA1F509DD2}.Debug|Any CPU.Build.0 = Debug|Any CPU
		{AC0F46B5-C30C-4D28-BA04-AEBA1F509DD2}.Debug|x64.ActiveCfg = Debug|x64
		{AC0F46B5-C30C-4D28-BA04-AEBA1F509DD2}.Debug|x64.Build.0 = Debug|x64
		{AC0F46B5-C30C-4D28-BA04-AEBA1F509DD2}.Debug|x86.ActiveCfg = Debug|x86
		{AC0F46B5-C30C-4D28-BA04-AEBA1F509DD2}.Debug|x86.Build.0 = Debug|x86
		{AC0F46B5-C30C-4D28-BA04-AEBA1F509DD2}.Release|Any CPU.ActiveCfg = Release|Any CPU
		{AC0F46B5-C30C-4D28-BA04-AEBA1F509DD2}.Release|Any CPU.Build.0 = Release|Any CPU
		{AC0F46B5-C30C-4D28-BA04-AEBA1F509DD2}.Release|x64.ActiveCfg = Release|x64
		{AC0F46B5-C30C-4D28-BA04-AEBA1F509DD2}.Release|x64.Build.0 = Release|x64
		{AC0F46B5-C30C-4D28-BA04-AEBA1F509DD2}.Release|x86.ActiveCfg = Release|x86
		{AC0F46B5-C30C-4D28-BA04-AEBA1F509DD2}.Release|x86.Build.0 = Release|x86
		{993B04C6-A1EC-4597-AF46-4819C6304624}.Debug|Any CPU.ActiveCfg = Debug|Any CPU
		{993B04C6-A1EC-4597-AF46-4819C6304624}.Debug|Any CPU.Build.0 = Debug|Any CPU
		{993B04C6-A1EC-4597-AF46-4819C6304624}.Debug|x64.ActiveCfg = Debug|Any CPU
		{993B04C6-A1EC-4597-AF46-4819C6304624}.Debug|x64.Build.0 = Debug|Any CPU
		{993B04C6-A1EC-4597-AF46-4819C6304624}.Debug|x86.ActiveCfg = Debug|Any CPU
		{993B04C6-A1EC-4597-AF46-4819C6304624}.Debug|x86.Build.0 = Debug|Any CPU
		{993B04C6-A1EC-4597-AF46-4819C6304624}.Release|Any CPU.ActiveCfg = Release|Any CPU
		{993B04C6-A1EC-4597-AF46-4819C6304624}.Release|Any CPU.Build.0 = Release|Any CPU
		{993B04C6-A1EC-4597-AF46-4819C6304624}.Release|x64.ActiveCfg = Release|Any CPU
		{993B04C6-A1EC-4597-AF46-4819C6304624}.Release|x64.Build.0 = Release|Any CPU
		{993B04C6-A1EC-4597-AF46-4819C6304624}.Release|x86.ActiveCfg = Release|Any CPU
		{993B04C6-A1EC-4597-AF46-4819C6304624}.Release|x86.Build.0 = Release|Any CPU
		{1FF13553-4AB9-447F-AFC5-DB7E363B10BC}.Debug|Any CPU.ActiveCfg = Debug|Any CPU
		{1FF13553-4AB9-447F-AFC5-DB7E363B10BC}.Debug|Any CPU.Build.0 = Debug|Any CPU
		{1FF13553-4AB9-447F-AFC5-DB7E363B10BC}.Debug|x64.ActiveCfg = Debug|Any CPU
		{1FF13553-4AB9-447F-AFC5-DB7E363B10BC}.Debug|x64.Build.0 = Debug|Any CPU
		{1FF13553-4AB9-447F-AFC5-DB7E363B10BC}.Debug|x86.ActiveCfg = Debug|Any CPU
		{1FF13553-4AB9-447F-AFC5-DB7E363B10BC}.Debug|x86.Build.0 = Debug|Any CPU
		{1FF13553-4AB9-447F-AFC5-DB7E363B10BC}.Release|Any CPU.ActiveCfg = Release|Any CPU
		{1FF13553-4AB9-447F-AFC5-DB7E363B10BC}.Release|Any CPU.Build.0 = Release|Any CPU
		{1FF13553-4AB9-447F-AFC5-DB7E363B10BC}.Release|x64.ActiveCfg = Release|Any CPU
		{1FF13553-4AB9-447F-AFC5-DB7E363B10BC}.Release|x64.Build.0 = Release|Any CPU
		{1FF13553-4AB9-447F-AFC5-DB7E363B10BC}.Release|x86.ActiveCfg = Release|Any CPU
		{1FF13553-4AB9-447F-AFC5-DB7E363B10BC}.Release|x86.Build.0 = Release|Any CPU
		{9D083DC4-BCA6-4637-A742-DC8B53A3C938}.Debug|Any CPU.ActiveCfg = Debug|Any CPU
		{9D083DC4-BCA6-4637-A742-DC8B53A3C938}.Debug|Any CPU.Build.0 = Debug|Any CPU
		{9D083DC4-BCA6-4637-A742-DC8B53A3C938}.Debug|x64.ActiveCfg = Debug|Any CPU
		{9D083DC4-BCA6-4637-A742-DC8B53A3C938}.Debug|x64.Build.0 = Debug|Any CPU
		{9D083DC4-BCA6-4637-A742-DC8B53A3C938}.Debug|x86.ActiveCfg = Debug|Any CPU
		{9D083DC4-BCA6-4637-A742-DC8B53A3C938}.Debug|x86.Build.0 = Debug|Any CPU
		{9D083DC4-BCA6-4637-A742-DC8B53A3C938}.Release|Any CPU.ActiveCfg = Release|Any CPU
		{9D083DC4-BCA6-4637-A742-DC8B53A3C938}.Release|Any CPU.Build.0 = Release|Any CPU
		{9D083DC4-BCA6-4637-A742-DC8B53A3C938}.Release|x64.ActiveCfg = Release|Any CPU
		{9D083DC4-BCA6-4637-A742-DC8B53A3C938}.Release|x64.Build.0 = Release|Any CPU
		{9D083DC4-BCA6-4637-A742-DC8B53A3C938}.Release|x86.ActiveCfg = Release|Any CPU
		{9D083DC4-BCA6-4637-A742-DC8B53A3C938}.Release|x86.Build.0 = Release|Any CPU
		{1EB2603A-8B13-4ED6-89E8-7C2D80AE3072}.Debug|Any CPU.ActiveCfg = Debug|Any CPU
		{1EB2603A-8B13-4ED6-89E8-7C2D80AE3072}.Debug|Any CPU.Build.0 = Debug|Any CPU
		{1EB2603A-8B13-4ED6-89E8-7C2D80AE3072}.Debug|x64.ActiveCfg = Debug|x64
		{1EB2603A-8B13-4ED6-89E8-7C2D80AE3072}.Debug|x64.Build.0 = Debug|x64
		{1EB2603A-8B13-4ED6-89E8-7C2D80AE3072}.Debug|x86.ActiveCfg = Debug|x86
		{1EB2603A-8B13-4ED6-89E8-7C2D80AE3072}.Debug|x86.Build.0 = Debug|x86
		{1EB2603A-8B13-4ED6-89E8-7C2D80AE3072}.Release|Any CPU.ActiveCfg = Release|Any CPU
		{1EB2603A-8B13-4ED6-89E8-7C2D80AE3072}.Release|Any CPU.Build.0 = Release|Any CPU
		{1EB2603A-8B13-4ED6-89E8-7C2D80AE3072}.Release|x64.ActiveCfg = Release|x64
		{1EB2603A-8B13-4ED6-89E8-7C2D80AE3072}.Release|x64.Build.0 = Release|x64
		{1EB2603A-8B13-4ED6-89E8-7C2D80AE3072}.Release|x86.ActiveCfg = Release|x86
		{1EB2603A-8B13-4ED6-89E8-7C2D80AE3072}.Release|x86.Build.0 = Release|x86
	EndGlobalSection
	GlobalSection(SolutionProperties) = preSolution
		HideSolutionNode = FALSE
	EndGlobalSection
	GlobalSection(NestedProjects) = preSolution
		{993B04C6-A1EC-4597-AF46-4819C6304624} = {3FC5F039-7A40-4A35-83D5-54222086DA7C}
	EndGlobalSection
	GlobalSection(ExtensibilityGlobals) = postSolution
		SolutionGuid = {AED97562-D375-4A73-BB6C-D36E9E406018}
	EndGlobalSection
EndGlobal
