
Microsoft Visual Studio Solution File, Format Version 12.00
# Visual Studio Version 16
VisualStudioVersion = 16.0.28803.156
MinimumVisualStudioVersion = 10.0.40219.1
Project("{9A19103F-16F7-4668-BE54-9A1E7A4F7556}") = "Lorule.GameServer", "Lorule.GameServer\Lorule.GameServer.csproj", "{AA838309-4AE1-409A-95B6-13D90DAE1131}"
EndProject
Project("{9A19103F-16F7-4668-BE54-9A1E7A4F7556}") = "Lorule.Static", "Lorule.Static\Lorule.Static.csproj", "{7D40370D-17BB-4F7B-97E2-B35D317FE154}"
EndProject
Project("{9A19103F-16F7-4668-BE54-9A1E7A4F7556}") = "Lorule.Base", "Lorule.Base\Lorule.Base.csproj", "{2B0274D5-3736-496E-9F3D-966B5AE9829A}"
EndProject
Global
	GlobalSection(SolutionConfigurationPlatforms) = preSolution
		Debug|Any CPU = Debug|Any CPU
		Debug|x64 = Debug|x64
		Debug|x86 = Debug|x86
		Release|Any CPU = Release|Any CPU
		Release|x64 = Release|x64
		Release|x86 = Release|x86
	EndGlobalSection
	GlobalSection(ProjectConfigurationPlatforms) = postSolution
		{AA838309-4AE1-409A-95B6-13D90DAE1131}.Debug|Any CPU.ActiveCfg = Debug|Any CPU
		{AA838309-4AE1-409A-95B6-13D90DAE1131}.Debug|Any CPU.Build.0 = Debug|Any CPU
		{AA838309-4AE1-409A-95B6-13D90DAE1131}.Debug|x64.ActiveCfg = Debug|Any CPU
		{AA838309-4AE1-409A-95B6-13D90DAE1131}.Debug|x64.Build.0 = Debug|Any CPU
		{AA838309-4AE1-409A-95B6-13D90DAE1131}.Debug|x86.ActiveCfg = Debug|Any CPU
		{AA838309-4AE1-409A-95B6-13D90DAE1131}.Debug|x86.Build.0 = Debug|Any CPU
		{AA838309-4AE1-409A-95B6-13D90DAE1131}.Release|Any CPU.ActiveCfg = Release|Any CPU
		{AA838309-4AE1-409A-95B6-13D90DAE1131}.Release|Any CPU.Build.0 = Release|Any CPU
		{AA838309-4AE1-409A-95B6-13D90DAE1131}.Release|x64.ActiveCfg = Release|Any CPU
		{AA838309-4AE1-409A-95B6-13D90DAE1131}.Release|x64.Build.0 = Release|Any CPU
		{AA838309-4AE1-409A-95B6-13D90DAE1131}.Release|x86.ActiveCfg = Release|Any CPU
		{AA838309-4AE1-409A-95B6-13D90DAE1131}.Release|x86.Build.0 = Release|Any CPU
		{7D40370D-17BB-4F7B-97E2-B35D317FE154}.Debug|Any CPU.ActiveCfg = Debug|Any CPU
		{7D40370D-17BB-4F7B-97E2-B35D317FE154}.Debug|Any CPU.Build.0 = Debug|Any CPU
		{7D40370D-17BB-4F7B-97E2-B35D317FE154}.Debug|x64.ActiveCfg = Debug|Any CPU
		{7D40370D-17BB-4F7B-97E2-B35D317FE154}.Debug|x64.Build.0 = Debug|Any CPU
		{7D40370D-17BB-4F7B-97E2-B35D317FE154}.Debug|x86.ActiveCfg = Debug|Any CPU
		{7D40370D-17BB-4F7B-97E2-B35D317FE154}.Debug|x86.Build.0 = Debug|Any CPU
		{7D40370D-17BB-4F7B-97E2-B35D317FE154}.Release|Any CPU.ActiveCfg = Release|Any CPU
		{7D40370D-17BB-4F7B-97E2-B35D317FE154}.Release|Any CPU.Build.0 = Release|Any CPU
		{7D40370D-17BB-4F7B-97E2-B35D317FE154}.Release|x64.ActiveCfg = Release|Any CPU
		{7D40370D-17BB-4F7B-97E2-B35D317FE154}.Release|x64.Build.0 = Release|Any CPU
		{7D40370D-17BB-4F7B-97E2-B35D317FE154}.Release|x86.ActiveCfg = Release|Any CPU
		{7D40370D-17BB-4F7B-97E2-B35D317FE154}.Release|x86.Build.0 = Release|Any CPU
		{2B0274D5-3736-496E-9F3D-966B5AE9829A}.Debug|Any CPU.ActiveCfg = Debug|Any CPU
		{2B0274D5-3736-496E-9F3D-966B5AE9829A}.Debug|Any CPU.Build.0 = Debug|Any CPU
		{2B0274D5-3736-496E-9F3D-966B5AE9829A}.Debug|x64.ActiveCfg = Debug|Any CPU
		{2B0274D5-3736-496E-9F3D-966B5AE9829A}.Debug|x64.Build.0 = Debug|Any CPU
		{2B0274D5-3736-496E-9F3D-966B5AE9829A}.Debug|x86.ActiveCfg = Debug|Any CPU
		{2B0274D5-3736-496E-9F3D-966B5AE9829A}.Debug|x86.Build.0 = Debug|Any CPU
		{2B0274D5-3736-496E-9F3D-966B5AE9829A}.Release|Any CPU.ActiveCfg = Release|Any CPU
		{2B0274D5-3736-496E-9F3D-966B5AE9829A}.Release|Any CPU.Build.0 = Release|Any CPU
		{2B0274D5-3736-496E-9F3D-966B5AE9829A}.Release|x64.ActiveCfg = Release|Any CPU
		{2B0274D5-3736-496E-9F3D-966B5AE9829A}.Release|x64.Build.0 = Release|Any CPU
		{2B0274D5-3736-496E-9F3D-966B5AE9829A}.Release|x86.ActiveCfg = Release|Any CPU
		{2B0274D5-3736-496E-9F3D-966B5AE9829A}.Release|x86.Build.0 = Release|Any CPU
	EndGlobalSection
	GlobalSection(SolutionProperties) = preSolution
		HideSolutionNode = FALSE
	EndGlobalSection
	GlobalSection(ExtensibilityGlobals) = postSolution
		SolutionGuid = {CB451D71-6E3A-4B93-93FA-D66E5908F30C}
	EndGlobalSection
	GlobalSection(Performance) = preSolution
		HasPerformanceSessions = true
	EndGlobalSection
EndGlobal
