
Microsoft Visual Studio Solution File, Format Version 12.00
# Visual Studio 15
VisualStudioVersion = 15.0.27004.2009
MinimumVisualStudioVersion = 10.0.40219.1
Project("{FAE04EC0-301F-11D3-BF4B-00C04F79EFBC}") = "Darkages.Server", "Darkages.Server\Darkages.Server.csproj", "{2F0321E0-EBE0-468B-8F25-D08241AD14F7}"
EndProject
Project("{FAE04EC0-301F-11D3-BF4B-00C04F79EFBC}") = "Content Maker", "Content Maker\Content Maker.csproj", "{E204C94C-7855-4CB4-91A1-D74492CE0CA0}"
EndProject
Project("{FAE04EC0-301F-11D3-BF4B-00C04F79EFBC}") = "LoginServer", "LoginServer\LoginServer.csproj", "{64E3D418-D7F8-4998-BE60-7E3E5B32EA92}"
EndProject
Project("{FAE04EC0-301F-11D3-BF4B-00C04F79EFBC}") = "Lorule", "Lorule\Lorule.csproj", "{E79A7BDE-F6FA-4D33-B97E-17F30202EEB3}"
EndProject
Project("{FAE04EC0-301F-11D3-BF4B-00C04F79EFBC}") = "LoruleWebService", "LoruleWebService\LoruleWebService.csproj", "{D20BAA7D-000F-4036-99B4-CD899F99FB3A}"
EndProject
Global
	GlobalSection(SolutionConfigurationPlatforms) = preSolution
		Debug|Any CPU = Debug|Any CPU
		Debug|x64 = Debug|x64
		Debug|x86 = Debug|x86
		Release|Any CPU = Release|Any CPU
		Release|x64 = Release|x64
		Release|x86 = Release|x86
	EndGlobalSection
	GlobalSection(ProjectConfigurationPlatforms) = postSolution
		{2F0321E0-EBE0-468B-8F25-D08241AD14F7}.Debug|Any CPU.ActiveCfg = Debug|Any CPU
		{2F0321E0-EBE0-468B-8F25-D08241AD14F7}.Debug|Any CPU.Build.0 = Debug|Any CPU
		{2F0321E0-EBE0-468B-8F25-D08241AD14F7}.Debug|x64.ActiveCfg = Debug|Any CPU
		{2F0321E0-EBE0-468B-8F25-D08241AD14F7}.Debug|x64.Build.0 = Debug|Any CPU
		{2F0321E0-EBE0-468B-8F25-D08241AD14F7}.Debug|x86.ActiveCfg = Debug|Any CPU
		{2F0321E0-EBE0-468B-8F25-D08241AD14F7}.Debug|x86.Build.0 = Debug|Any CPU
		{2F0321E0-EBE0-468B-8F25-D08241AD14F7}.Release|Any CPU.ActiveCfg = Release|Any CPU
		{2F0321E0-EBE0-468B-8F25-D08241AD14F7}.Release|Any CPU.Build.0 = Release|Any CPU
		{2F0321E0-EBE0-468B-8F25-D08241AD14F7}.Release|x64.ActiveCfg = Debug|Any CPU
		{2F0321E0-EBE0-468B-8F25-D08241AD14F7}.Release|x64.Build.0 = Debug|Any CPU
		{2F0321E0-EBE0-468B-8F25-D08241AD14F7}.Release|x86.ActiveCfg = Release|Any CPU
		{2F0321E0-EBE0-468B-8F25-D08241AD14F7}.Release|x86.Build.0 = Release|Any CPU
		{E204C94C-7855-4CB4-91A1-D74492CE0CA0}.Debug|Any CPU.ActiveCfg = Debug|Any CPU
		{E204C94C-7855-4CB4-91A1-D74492CE0CA0}.Debug|Any CPU.Build.0 = Debug|Any CPU
		{E204C94C-7855-4CB4-91A1-D74492CE0CA0}.Debug|x64.ActiveCfg = Debug|Any CPU
		{E204C94C-7855-4CB4-91A1-D74492CE0CA0}.Debug|x64.Build.0 = Debug|Any CPU
		{E204C94C-7855-4CB4-91A1-D74492CE0CA0}.Debug|x86.ActiveCfg = Debug|Any CPU
		{E204C94C-7855-4CB4-91A1-D74492CE0CA0}.Debug|x86.Build.0 = Debug|Any CPU
		{E204C94C-7855-4CB4-91A1-D74492CE0CA0}.Release|Any CPU.ActiveCfg = Release|Any CPU
		{E204C94C-7855-4CB4-91A1-D74492CE0CA0}.Release|Any CPU.Build.0 = Release|Any CPU
		{E204C94C-7855-4CB4-91A1-D74492CE0CA0}.Release|x64.ActiveCfg = Debug|Any CPU
		{E204C94C-7855-4CB4-91A1-D74492CE0CA0}.Release|x64.Build.0 = Debug|Any CPU
		{E204C94C-7855-4CB4-91A1-D74492CE0CA0}.Release|x86.ActiveCfg = Release|Any CPU
		{E204C94C-7855-4CB4-91A1-D74492CE0CA0}.Release|x86.Build.0 = Release|Any CPU
		{64E3D418-D7F8-4998-BE60-7E3E5B32EA92}.Debug|Any CPU.ActiveCfg = Debug|Any CPU
		{64E3D418-D7F8-4998-BE60-7E3E5B32EA92}.Debug|Any CPU.Build.0 = Debug|Any CPU
		{64E3D418-D7F8-4998-BE60-7E3E5B32EA92}.Debug|x64.ActiveCfg = Debug|Any CPU
		{64E3D418-D7F8-4998-BE60-7E3E5B32EA92}.Debug|x64.Build.0 = Debug|Any CPU
		{64E3D418-D7F8-4998-BE60-7E3E5B32EA92}.Debug|x86.ActiveCfg = Debug|Any CPU
		{64E3D418-D7F8-4998-BE60-7E3E5B32EA92}.Debug|x86.Build.0 = Debug|Any CPU
		{64E3D418-D7F8-4998-BE60-7E3E5B32EA92}.Release|Any CPU.ActiveCfg = Release|Any CPU
		{64E3D418-D7F8-4998-BE60-7E3E5B32EA92}.Release|Any CPU.Build.0 = Release|Any CPU
		{64E3D418-D7F8-4998-BE60-7E3E5B32EA92}.Release|x64.ActiveCfg = Release|Any CPU
		{64E3D418-D7F8-4998-BE60-7E3E5B32EA92}.Release|x64.Build.0 = Release|Any CPU
		{64E3D418-D7F8-4998-BE60-7E3E5B32EA92}.Release|x86.ActiveCfg = Release|Any CPU
		{64E3D418-D7F8-4998-BE60-7E3E5B32EA92}.Release|x86.Build.0 = Release|Any CPU
		{E79A7BDE-F6FA-4D33-B97E-17F30202EEB3}.Debug|Any CPU.ActiveCfg = Debug|Any CPU
		{E79A7BDE-F6FA-4D33-B97E-17F30202EEB3}.Debug|Any CPU.Build.0 = Debug|Any CPU
		{E79A7BDE-F6FA-4D33-B97E-17F30202EEB3}.Debug|x64.ActiveCfg = Debug|Any CPU
		{E79A7BDE-F6FA-4D33-B97E-17F30202EEB3}.Debug|x64.Build.0 = Debug|Any CPU
		{E79A7BDE-F6FA-4D33-B97E-17F30202EEB3}.Debug|x86.ActiveCfg = Debug|Any CPU
		{E79A7BDE-F6FA-4D33-B97E-17F30202EEB3}.Debug|x86.Build.0 = Debug|Any CPU
		{E79A7BDE-F6FA-4D33-B97E-17F30202EEB3}.Release|Any CPU.ActiveCfg = Release|Any CPU
		{E79A7BDE-F6FA-4D33-B97E-17F30202EEB3}.Release|Any CPU.Build.0 = Release|Any CPU
		{E79A7BDE-F6FA-4D33-B97E-17F30202EEB3}.Release|x64.ActiveCfg = Release|Any CPU
		{E79A7BDE-F6FA-4D33-B97E-17F30202EEB3}.Release|x64.Build.0 = Release|Any CPU
		{E79A7BDE-F6FA-4D33-B97E-17F30202EEB3}.Release|x86.ActiveCfg = Release|Any CPU
		{E79A7BDE-F6FA-4D33-B97E-17F30202EEB3}.Release|x86.Build.0 = Release|Any CPU
		{D20BAA7D-000F-4036-99B4-CD899F99FB3A}.Debug|Any CPU.ActiveCfg = Debug|Any CPU
		{D20BAA7D-000F-4036-99B4-CD899F99FB3A}.Debug|Any CPU.Build.0 = Debug|Any CPU
		{D20BAA7D-000F-4036-99B4-CD899F99FB3A}.Debug|x64.ActiveCfg = Debug|Any CPU
		{D20BAA7D-000F-4036-99B4-CD899F99FB3A}.Debug|x64.Build.0 = Debug|Any CPU
		{D20BAA7D-000F-4036-99B4-CD899F99FB3A}.Debug|x86.ActiveCfg = Debug|Any CPU
		{D20BAA7D-000F-4036-99B4-CD899F99FB3A}.Debug|x86.Build.0 = Debug|Any CPU
		{D20BAA7D-000F-4036-99B4-CD899F99FB3A}.Release|Any CPU.ActiveCfg = Release|Any CPU
		{D20BAA7D-000F-4036-99B4-CD899F99FB3A}.Release|Any CPU.Build.0 = Release|Any CPU
		{D20BAA7D-000F-4036-99B4-CD899F99FB3A}.Release|x64.ActiveCfg = Release|Any CPU
		{D20BAA7D-000F-4036-99B4-CD899F99FB3A}.Release|x64.Build.0 = Release|Any CPU
		{D20BAA7D-000F-4036-99B4-CD899F99FB3A}.Release|x86.ActiveCfg = Release|Any CPU
		{D20BAA7D-000F-4036-99B4-CD899F99FB3A}.Release|x86.Build.0 = Release|Any CPU
	EndGlobalSection
	GlobalSection(SolutionProperties) = preSolution
		HideSolutionNode = FALSE
	EndGlobalSection
	GlobalSection(ExtensibilityGlobals) = postSolution
		SolutionGuid = {CB451D71-6E3A-4B93-93FA-D66E5908F30C}
	EndGlobalSection
	GlobalSection(Performance) = preSolution
		HasPerformanceSessions = true
	EndGlobalSection
EndGlobal
