
Microsoft Visual Studio Solution File, Format Version 12.00
# Visual Studio Version 16
VisualStudioVersion = 16.0.29709.97
MinimumVisualStudioVersion = 10.0.40219.1
Project("{FAE04EC0-301F-11D3-BF4B-00C04F79EFBC}") = "Content Maker", "Content Maker.csproj", "{E204C94C-7855-4CB4-91A1-D74492CE0CA0}"
EndProject
Global
	GlobalSection(SolutionConfigurationPlatforms) = preSolution
		Debug|Any CPU = Debug|Any CPU
		Release|Any CPU = Release|Any CPU
	EndGlobalSection
	GlobalSection(ProjectConfigurationPlatforms) = postSolution
		{E204C94C-7855-4CB4-91A1-D74492CE0CA0}.Debug|Any CPU.ActiveCfg = Debug|Any CPU
		{E204C94C-7855-4CB4-91A1-D74492CE0CA0}.Debug|Any CPU.Build.0 = Debug|Any CPU
		{E204C94C-7855-4CB4-91A1-D74492CE0CA0}.Release|Any CPU.ActiveCfg = Release|Any CPU
		{E204C94C-7855-4CB4-91A1-D74492CE0CA0}.Release|Any CPU.Build.0 = Release|Any CPU
	EndGlobalSection
	GlobalSection(SolutionProperties) = preSolution
		HideSolutionNode = FALSE
	EndGlobalSection
	GlobalSection(ExtensibilityGlobals) = postSolution
		SolutionGuid = {13CC2229-9029-4339-8356-A5FD26652AF7}
	EndGlobalSection
EndGlobal
