
Microsoft Visual Studio Solution File, Format Version 12.00
# Visual Studio Version 16
VisualStudioVersion = 16.0.30523.141
MinimumVisualStudioVersion = 10.0.40219.1
Project("{9A19103F-16F7-4668-BE54-9A1E7A4F7556}") = "Lorule.GameServer", "Lorule.GameServer\Lorule.GameServer.csproj", "{3241DAE2-8E03-452D-BA97-43C05B003BFA}"
EndProject
Project("{9A19103F-16F7-4668-BE54-9A1E7A4F7556}") = "Lorule.Client.Base", "Lorule.Client.Base\Lorule.Client.Base.csproj", "{44EDEE4B-F0AD-4434-AB58-AC5FD8A2AF5F}"
EndProject
Project("{FAE04EC0-301F-11D3-BF4B-00C04F79EFBC}") = "Hades.ArchiveTools", "Hades.ArchiveTools\Hades.ArchiveTools.csproj", "{3BABAB28-46F6-428A-8BDF-A337338EE41E}"
EndProject
Project("{2150E333-8FDC-42A3-9474-1A3956D46DE8}") = "Hades.Utils", "Hades.Utils", "{3FC5F039-7A40-4A35-83D5-54222086DA7C}"
EndProject
Project("{9A19103F-16F7-4668-BE54-9A1E7A4F7556}") = "Hades.Utils.TileAMerge", "Hades.Utils.TileAMerge\Hades.Utils.TileAMerge.csproj", "{CE83618A-A4B3-438C-B0F0-85D998F1120E}"
EndProject
Project("{2150E333-8FDC-42A3-9474-1A3956D46DE8}") = "Server", "Server", "{753EC475-3F78-4ACE-963F-1201AEA7362A}"
EndProject
Project("{2150E333-8FDC-42A3-9474-1A3956D46DE8}") = "Client", "Client", "{C01A51C1-3490-4C22-B190-BDD58C5674D3}"
EndProject
Project("{2150E333-8FDC-42A3-9474-1A3956D46DE8}") = "Tools", "Tools", "{FD2A6033-81B4-42AF-9846-2481F3113525}"
EndProject
Project("{9A19103F-16F7-4668-BE54-9A1E7A4F7556}") = "Hades.Server.Base", "Hades.Server.Base\Hades.Server.Base.csproj", "{3DC0CBFC-D80D-450F-9FE5-734825D86C38}"
EndProject
Project("{D954291E-2A0B-460D-934E-DC6B0785DB48}") = "Config", "Lorule.Config\Config.shproj", "{EF0FA46F-9730-474C-84A8-F402138F3E38}"
EndProject
Project("{9A19103F-16F7-4668-BE54-9A1E7A4F7556}") = "Hades.Utils.ImageTools", "Hades.Utils.ImageTools\Hades.Utils.ImageTools.csproj", "{740A174C-6084-4A03-83B8-0163BFB0213A}"
EndProject
Project("{9A19103F-16F7-4668-BE54-9A1E7A4F7556}") = "Proxy", "Lorule.ProxyServer\Proxy\Proxy.csproj", "{D8755AEA-EA83-4B23-A909-C4BD366E2817}"
EndProject
Project("{FAE04EC0-301F-11D3-BF4B-00C04F79EFBC}") = "Lorule.ProxyServer", "Lorule.ProxyServer\ProxyApp\Lorule.ProxyServer.csproj", "{E4A1B7F6-FAFC-4EE3-BED0-74FBB55BC411}"
EndProject
Project("{9A19103F-16F7-4668-BE54-9A1E7A4F7556}") = "Hades.MappingTool", "Hades.MappingTool\Hades.MappingTool.csproj", "{FDD434FC-31F6-4630-9DA1-72127D1D7D0D}"
EndProject
Project("{9A19103F-16F7-4668-BE54-9A1E7A4F7556}") = "Hades.Imaging", "Hades.Imaging\Hades.Imaging.csproj", "{D9C37B9A-D933-4EDC-B289-EF45B37EFC83}"
EndProject
Project("{9A19103F-16F7-4668-BE54-9A1E7A4F7556}") = "Hades.Client.MapEditor", "Hades.Client.MapEditor\Hades.Client.MapEditor.csproj", "{FF50D9B4-9A07-445E-BC1B-CE671F0B2ACA}"
EndProject
Global
	GlobalSection(SharedMSBuildProjectFiles) = preSolution
		Lorule.Config\Lorule.Config.projitems*{3241dae2-8e03-452d-ba97-43c05b003bfa}*SharedItemsImports = 5
		Lorule.Config\Lorule.Config.projitems*{3dc0cbfc-d80d-450f-9fe5-734825d86c38}*SharedItemsImports = 5
		Lorule.Config\Lorule.Config.projitems*{740a174c-6084-4a03-83b8-0163bfb0213a}*SharedItemsImports = 5
		Lorule.Config\Lorule.Config.projitems*{ce83618a-a4b3-438c-b0f0-85d998f1120e}*SharedItemsImports = 5
		Lorule.Config\Lorule.Config.projitems*{ef0fa46f-9730-474c-84a8-f402138f3e38}*SharedItemsImports = 13
		Lorule.Config\Lorule.Config.projitems*{fdd434fc-31f6-4630-9da1-72127d1d7d0d}*SharedItemsImports = 5
	EndGlobalSection
	GlobalSection(SolutionConfigurationPlatforms) = preSolution
		Debug|Any CPU = Debug|Any CPU
		Debug|x64 = Debug|x64
		Debug|x86 = Debug|x86
		Release|Any CPU = Release|Any CPU
		Release|x64 = Release|x64
		Release|x86 = Release|x86
	EndGlobalSection
	GlobalSection(ProjectConfigurationPlatforms) = postSolution
		{3241DAE2-8E03-452D-BA97-43C05B003BFA}.Debug|Any CPU.ActiveCfg = Debug|Any CPU
		{3241DAE2-8E03-452D-BA97-43C05B003BFA}.Debug|Any CPU.Build.0 = Debug|Any CPU
		{3241DAE2-8E03-452D-BA97-43C05B003BFA}.Debug|x64.ActiveCfg = Debug|x64
		{3241DAE2-8E03-452D-BA97-43C05B003BFA}.Debug|x64.Build.0 = Debug|x64
		{3241DAE2-8E03-452D-BA97-43C05B003BFA}.Debug|x86.ActiveCfg = Debug|x86
		{3241DAE2-8E03-452D-BA97-43C05B003BFA}.Debug|x86.Build.0 = Debug|x86
		{3241DAE2-8E03-452D-BA97-43C05B003BFA}.Release|Any CPU.ActiveCfg = Release|Any CPU
		{3241DAE2-8E03-452D-BA97-43C05B003BFA}.Release|Any CPU.Build.0 = Release|Any CPU
		{3241DAE2-8E03-452D-BA97-43C05B003BFA}.Release|x64.ActiveCfg = Release|x64
		{3241DAE2-8E03-452D-BA97-43C05B003BFA}.Release|x64.Build.0 = Release|x64
		{3241DAE2-8E03-452D-BA97-43C05B003BFA}.Release|x86.ActiveCfg = Release|x86
		{3241DAE2-8E03-452D-BA97-43C05B003BFA}.Release|x86.Build.0 = Release|x86
		{44EDEE4B-F0AD-4434-AB58-AC5FD8A2AF5F}.Debug|Any CPU.ActiveCfg = Debug|Any CPU
		{44EDEE4B-F0AD-4434-AB58-AC5FD8A2AF5F}.Debug|Any CPU.Build.0 = Debug|Any CPU
		{44EDEE4B-F0AD-4434-AB58-AC5FD8A2AF5F}.Debug|x64.ActiveCfg = Debug|Any CPU
		{44EDEE4B-F0AD-4434-AB58-AC5FD8A2AF5F}.Debug|x64.Build.0 = Debug|Any CPU
		{44EDEE4B-F0AD-4434-AB58-AC5FD8A2AF5F}.Debug|x86.ActiveCfg = Debug|Any CPU
		{44EDEE4B-F0AD-4434-AB58-AC5FD8A2AF5F}.Debug|x86.Build.0 = Debug|Any CPU
		{44EDEE4B-F0AD-4434-AB58-AC5FD8A2AF5F}.Release|Any CPU.ActiveCfg = Release|Any CPU
		{44EDEE4B-F0AD-4434-AB58-AC5FD8A2AF5F}.Release|Any CPU.Build.0 = Release|Any CPU
		{44EDEE4B-F0AD-4434-AB58-AC5FD8A2AF5F}.Release|x64.ActiveCfg = Release|Any CPU
		{44EDEE4B-F0AD-4434-AB58-AC5FD8A2AF5F}.Release|x64.Build.0 = Release|Any CPU
		{44EDEE4B-F0AD-4434-AB58-AC5FD8A2AF5F}.Release|x86.ActiveCfg = Release|Any CPU
		{44EDEE4B-F0AD-4434-AB58-AC5FD8A2AF5F}.Release|x86.Build.0 = Release|Any CPU
		{3BABAB28-46F6-428A-8BDF-A337338EE41E}.Debug|Any CPU.ActiveCfg = Debug|Any CPU
		{3BABAB28-46F6-428A-8BDF-A337338EE41E}.Debug|Any CPU.Build.0 = Debug|Any CPU
		{3BABAB28-46F6-428A-8BDF-A337338EE41E}.Debug|x64.ActiveCfg = Debug|Any CPU
		{3BABAB28-46F6-428A-8BDF-A337338EE41E}.Debug|x64.Build.0 = Debug|Any CPU
		{3BABAB28-46F6-428A-8BDF-A337338EE41E}.Debug|x86.ActiveCfg = Debug|Any CPU
		{3BABAB28-46F6-428A-8BDF-A337338EE41E}.Debug|x86.Build.0 = Debug|Any CPU
		{3BABAB28-46F6-428A-8BDF-A337338EE41E}.Release|Any CPU.ActiveCfg = Release|Any CPU
		{3BABAB28-46F6-428A-8BDF-A337338EE41E}.Release|Any CPU.Build.0 = Release|Any CPU
		{3BABAB28-46F6-428A-8BDF-A337338EE41E}.Release|x64.ActiveCfg = Release|Any CPU
		{3BABAB28-46F6-428A-8BDF-A337338EE41E}.Release|x64.Build.0 = Release|Any CPU
		{3BABAB28-46F6-428A-8BDF-A337338EE41E}.Release|x86.ActiveCfg = Release|Any CPU
		{3BABAB28-46F6-428A-8BDF-A337338EE41E}.Release|x86.Build.0 = Release|Any CPU
		{CE83618A-A4B3-438C-B0F0-85D998F1120E}.Debug|Any CPU.ActiveCfg = Debug|Any CPU
		{CE83618A-A4B3-438C-B0F0-85D998F1120E}.Debug|Any CPU.Build.0 = Debug|Any CPU
		{CE83618A-A4B3-438C-B0F0-85D998F1120E}.Debug|x64.ActiveCfg = Debug|Any CPU
		{CE83618A-A4B3-438C-B0F0-85D998F1120E}.Debug|x64.Build.0 = Debug|Any CPU
		{CE83618A-A4B3-438C-B0F0-85D998F1120E}.Debug|x86.ActiveCfg = Debug|Any CPU
		{CE83618A-A4B3-438C-B0F0-85D998F1120E}.Debug|x86.Build.0 = Debug|Any CPU
		{CE83618A-A4B3-438C-B0F0-85D998F1120E}.Release|Any CPU.ActiveCfg = Release|Any CPU
		{CE83618A-A4B3-438C-B0F0-85D998F1120E}.Release|Any CPU.Build.0 = Release|Any CPU
		{CE83618A-A4B3-438C-B0F0-85D998F1120E}.Release|x64.ActiveCfg = Release|Any CPU
		{CE83618A-A4B3-438C-B0F0-85D998F1120E}.Release|x64.Build.0 = Release|Any CPU
		{CE83618A-A4B3-438C-B0F0-85D998F1120E}.Release|x86.ActiveCfg = Release|Any CPU
		{CE83618A-A4B3-438C-B0F0-85D998F1120E}.Release|x86.Build.0 = Release|Any CPU
		{3DC0CBFC-D80D-450F-9FE5-734825D86C38}.Debug|Any CPU.ActiveCfg = Debug|Any CPU
		{3DC0CBFC-D80D-450F-9FE5-734825D86C38}.Debug|Any CPU.Build.0 = Debug|Any CPU
		{3DC0CBFC-D80D-450F-9FE5-734825D86C38}.Debug|x64.ActiveCfg = Debug|Any CPU
		{3DC0CBFC-D80D-450F-9FE5-734825D86C38}.Debug|x64.Build.0 = Debug|Any CPU
		{3DC0CBFC-D80D-450F-9FE5-734825D86C38}.Debug|x86.ActiveCfg = Debug|Any CPU
		{3DC0CBFC-D80D-450F-9FE5-734825D86C38}.Debug|x86.Build.0 = Debug|Any CPU
		{3DC0CBFC-D80D-450F-9FE5-734825D86C38}.Release|Any CPU.ActiveCfg = Release|Any CPU
		{3DC0CBFC-D80D-450F-9FE5-734825D86C38}.Release|Any CPU.Build.0 = Release|Any CPU
		{3DC0CBFC-D80D-450F-9FE5-734825D86C38}.Release|x64.ActiveCfg = Release|Any CPU
		{3DC0CBFC-D80D-450F-9FE5-734825D86C38}.Release|x64.Build.0 = Release|Any CPU
		{3DC0CBFC-D80D-450F-9FE5-734825D86C38}.Release|x86.ActiveCfg = Release|Any CPU
		{3DC0CBFC-D80D-450F-9FE5-734825D86C38}.Release|x86.Build.0 = Release|Any CPU
		{740A174C-6084-4A03-83B8-0163BFB0213A}.Debug|Any CPU.ActiveCfg = Debug|Any CPU
		{740A174C-6084-4A03-83B8-0163BFB0213A}.Debug|Any CPU.Build.0 = Debug|Any CPU
		{740A174C-6084-4A03-83B8-0163BFB0213A}.Debug|x64.ActiveCfg = Debug|Any CPU
		{740A174C-6084-4A03-83B8-0163BFB0213A}.Debug|x64.Build.0 = Debug|Any CPU
		{740A174C-6084-4A03-83B8-0163BFB0213A}.Debug|x86.ActiveCfg = Debug|Any CPU
		{740A174C-6084-4A03-83B8-0163BFB0213A}.Debug|x86.Build.0 = Debug|Any CPU
		{740A174C-6084-4A03-83B8-0163BFB0213A}.Release|Any CPU.ActiveCfg = Release|Any CPU
		{740A174C-6084-4A03-83B8-0163BFB0213A}.Release|Any CPU.Build.0 = Release|Any CPU
		{740A174C-6084-4A03-83B8-0163BFB0213A}.Release|x64.ActiveCfg = Release|Any CPU
		{740A174C-6084-4A03-83B8-0163BFB0213A}.Release|x64.Build.0 = Release|Any CPU
		{740A174C-6084-4A03-83B8-0163BFB0213A}.Release|x86.ActiveCfg = Release|Any CPU
		{740A174C-6084-4A03-83B8-0163BFB0213A}.Release|x86.Build.0 = Release|Any CPU
		{D8755AEA-EA83-4B23-A909-C4BD366E2817}.Debug|Any CPU.ActiveCfg = Debug|Any CPU
		{D8755AEA-EA83-4B23-A909-C4BD366E2817}.Debug|Any CPU.Build.0 = Debug|Any CPU
		{D8755AEA-EA83-4B23-A909-C4BD366E2817}.Debug|x64.ActiveCfg = Debug|Any CPU
		{D8755AEA-EA83-4B23-A909-C4BD366E2817}.Debug|x64.Build.0 = Debug|Any CPU
		{D8755AEA-EA83-4B23-A909-C4BD366E2817}.Debug|x86.ActiveCfg = Debug|Any CPU
		{D8755AEA-EA83-4B23-A909-C4BD366E2817}.Debug|x86.Build.0 = Debug|Any CPU
		{D8755AEA-EA83-4B23-A909-C4BD366E2817}.Release|Any CPU.ActiveCfg = Release|Any CPU
		{D8755AEA-EA83-4B23-A909-C4BD366E2817}.Release|Any CPU.Build.0 = Release|Any CPU
		{D8755AEA-EA83-4B23-A909-C4BD366E2817}.Release|x64.ActiveCfg = Release|Any CPU
		{D8755AEA-EA83-4B23-A909-C4BD366E2817}.Release|x64.Build.0 = Release|Any CPU
		{D8755AEA-EA83-4B23-A909-C4BD366E2817}.Release|x86.ActiveCfg = Release|Any CPU
		{D8755AEA-EA83-4B23-A909-C4BD366E2817}.Release|x86.Build.0 = Release|Any CPU
		{E4A1B7F6-FAFC-4EE3-BED0-74FBB55BC411}.Debug|Any CPU.ActiveCfg = Debug|Any CPU
		{E4A1B7F6-FAFC-4EE3-BED0-74FBB55BC411}.Debug|Any CPU.Build.0 = Debug|Any CPU
		{E4A1B7F6-FAFC-4EE3-BED0-74FBB55BC411}.Debug|x64.ActiveCfg = Debug|Any CPU
		{E4A1B7F6-FAFC-4EE3-BED0-74FBB55BC411}.Debug|x64.Build.0 = Debug|Any CPU
		{E4A1B7F6-FAFC-4EE3-BED0-74FBB55BC411}.Debug|x86.ActiveCfg = Debug|Any CPU
		{E4A1B7F6-FAFC-4EE3-BED0-74FBB55BC411}.Debug|x86.Build.0 = Debug|Any CPU
		{E4A1B7F6-FAFC-4EE3-BED0-74FBB55BC411}.Release|Any CPU.ActiveCfg = Release|Any CPU
		{E4A1B7F6-FAFC-4EE3-BED0-74FBB55BC411}.Release|Any CPU.Build.0 = Release|Any CPU
		{E4A1B7F6-FAFC-4EE3-BED0-74FBB55BC411}.Release|x64.ActiveCfg = Release|Any CPU
		{E4A1B7F6-FAFC-4EE3-BED0-74FBB55BC411}.Release|x64.Build.0 = Release|Any CPU
		{E4A1B7F6-FAFC-4EE3-BED0-74FBB55BC411}.Release|x86.ActiveCfg = Release|Any CPU
		{E4A1B7F6-FAFC-4EE3-BED0-74FBB55BC411}.Release|x86.Build.0 = Release|Any CPU
		{FDD434FC-31F6-4630-9DA1-72127D1D7D0D}.Debug|Any CPU.ActiveCfg = Debug|Any CPU
		{FDD434FC-31F6-4630-9DA1-72127D1D7D0D}.Debug|Any CPU.Build.0 = Debug|Any CPU
		{FDD434FC-31F6-4630-9DA1-72127D1D7D0D}.Debug|x64.ActiveCfg = Debug|Any CPU
		{FDD434FC-31F6-4630-9DA1-72127D1D7D0D}.Debug|x64.Build.0 = Debug|Any CPU
		{FDD434FC-31F6-4630-9DA1-72127D1D7D0D}.Debug|x86.ActiveCfg = Debug|Any CPU
		{FDD434FC-31F6-4630-9DA1-72127D1D7D0D}.Debug|x86.Build.0 = Debug|Any CPU
		{FDD434FC-31F6-4630-9DA1-72127D1D7D0D}.Release|Any CPU.ActiveCfg = Release|Any CPU
		{FDD434FC-31F6-4630-9DA1-72127D1D7D0D}.Release|Any CPU.Build.0 = Release|Any CPU
		{FDD434FC-31F6-4630-9DA1-72127D1D7D0D}.Release|x64.ActiveCfg = Release|Any CPU
		{FDD434FC-31F6-4630-9DA1-72127D1D7D0D}.Release|x64.Build.0 = Release|Any CPU
		{FDD434FC-31F6-4630-9DA1-72127D1D7D0D}.Release|x86.ActiveCfg = Release|Any CPU
		{FDD434FC-31F6-4630-9DA1-72127D1D7D0D}.Release|x86.Build.0 = Release|Any CPU
		{D9C37B9A-D933-4EDC-B289-EF45B37EFC83}.Debug|Any CPU.ActiveCfg = Debug|Any CPU
		{D9C37B9A-D933-4EDC-B289-EF45B37EFC83}.Debug|Any CPU.Build.0 = Debug|Any CPU
		{D9C37B9A-D933-4EDC-B289-EF45B37EFC83}.Debug|x64.ActiveCfg = Debug|Any CPU
		{D9C37B9A-D933-4EDC-B289-EF45B37EFC83}.Debug|x64.Build.0 = Debug|Any CPU
		{D9C37B9A-D933-4EDC-B289-EF45B37EFC83}.Debug|x86.ActiveCfg = Debug|Any CPU
		{D9C37B9A-D933-4EDC-B289-EF45B37EFC83}.Debug|x86.Build.0 = Debug|Any CPU
		{D9C37B9A-D933-4EDC-B289-EF45B37EFC83}.Release|Any CPU.ActiveCfg = Release|Any CPU
		{D9C37B9A-D933-4EDC-B289-EF45B37EFC83}.Release|Any CPU.Build.0 = Release|Any CPU
		{D9C37B9A-D933-4EDC-B289-EF45B37EFC83}.Release|x64.ActiveCfg = Release|Any CPU
		{D9C37B9A-D933-4EDC-B289-EF45B37EFC83}.Release|x64.Build.0 = Release|Any CPU
		{D9C37B9A-D933-4EDC-B289-EF45B37EFC83}.Release|x86.ActiveCfg = Release|Any CPU
		{D9C37B9A-D933-4EDC-B289-EF45B37EFC83}.Release|x86.Build.0 = Release|Any CPU
		{FF50D9B4-9A07-445E-BC1B-CE671F0B2ACA}.Debug|Any CPU.ActiveCfg = Debug|Any CPU
		{FF50D9B4-9A07-445E-BC1B-CE671F0B2ACA}.Debug|Any CPU.Build.0 = Debug|Any CPU
		{FF50D9B4-9A07-445E-BC1B-CE671F0B2ACA}.Debug|x64.ActiveCfg = Debug|Any CPU
		{FF50D9B4-9A07-445E-BC1B-CE671F0B2ACA}.Debug|x64.Build.0 = Debug|Any CPU
		{FF50D9B4-9A07-445E-BC1B-CE671F0B2ACA}.Debug|x86.ActiveCfg = Debug|Any CPU
		{FF50D9B4-9A07-445E-BC1B-CE671F0B2ACA}.Debug|x86.Build.0 = Debug|Any CPU
		{FF50D9B4-9A07-445E-BC1B-CE671F0B2ACA}.Release|Any CPU.ActiveCfg = Release|Any CPU
		{FF50D9B4-9A07-445E-BC1B-CE671F0B2ACA}.Release|Any CPU.Build.0 = Release|Any CPU
		{FF50D9B4-9A07-445E-BC1B-CE671F0B2ACA}.Release|x64.ActiveCfg = Release|Any CPU
		{FF50D9B4-9A07-445E-BC1B-CE671F0B2ACA}.Release|x64.Build.0 = Release|Any CPU
		{FF50D9B4-9A07-445E-BC1B-CE671F0B2ACA}.Release|x86.ActiveCfg = Release|Any CPU
		{FF50D9B4-9A07-445E-BC1B-CE671F0B2ACA}.Release|x86.Build.0 = Release|Any CPU
	EndGlobalSection
	GlobalSection(SolutionProperties) = preSolution
		HideSolutionNode = FALSE
	EndGlobalSection
	GlobalSection(NestedProjects) = preSolution
		{3241DAE2-8E03-452D-BA97-43C05B003BFA} = {753EC475-3F78-4ACE-963F-1201AEA7362A}
		{44EDEE4B-F0AD-4434-AB58-AC5FD8A2AF5F} = {C01A51C1-3490-4C22-B190-BDD58C5674D3}
		{3BABAB28-46F6-428A-8BDF-A337338EE41E} = {3FC5F039-7A40-4A35-83D5-54222086DA7C}
		{3FC5F039-7A40-4A35-83D5-54222086DA7C} = {FD2A6033-81B4-42AF-9846-2481F3113525}
		{CE83618A-A4B3-438C-B0F0-85D998F1120E} = {3FC5F039-7A40-4A35-83D5-54222086DA7C}
		{3DC0CBFC-D80D-450F-9FE5-734825D86C38} = {753EC475-3F78-4ACE-963F-1201AEA7362A}
		{740A174C-6084-4A03-83B8-0163BFB0213A} = {3FC5F039-7A40-4A35-83D5-54222086DA7C}
		{D8755AEA-EA83-4B23-A909-C4BD366E2817} = {3FC5F039-7A40-4A35-83D5-54222086DA7C}
		{E4A1B7F6-FAFC-4EE3-BED0-74FBB55BC411} = {3FC5F039-7A40-4A35-83D5-54222086DA7C}
		{FDD434FC-31F6-4630-9DA1-72127D1D7D0D} = {3FC5F039-7A40-4A35-83D5-54222086DA7C}
		{D9C37B9A-D933-4EDC-B289-EF45B37EFC83} = {3FC5F039-7A40-4A35-83D5-54222086DA7C}
		{FF50D9B4-9A07-445E-BC1B-CE671F0B2ACA} = {C01A51C1-3490-4C22-B190-BDD58C5674D3}
	EndGlobalSection
	GlobalSection(ExtensibilityGlobals) = postSolution
		SolutionGuid = {AED97562-D375-4A73-BB6C-D36E9E406018}
	EndGlobalSection
EndGlobal
